schema: '2.0'
stages:
  features:
    cmd: python -m src.features.build --all
    deps:
    - path: data/processed/manifest.parquet
      hash: md5
      md5: 2915d6805bc3e794f89d1c78d7d5f34a
      size: 51840
    - path: src/features/build.py
      hash: md5
      md5: e9bb86c51bbd610bec36207e0296f1e1
      size: 11790
    - path: src/features/extractor.py
      hash: md5
      md5: 53ba29d913b4753e3f81dd7305d94605
      size: 9226
    outs:
    - path: data/features/handcrafted.parquet
      hash: md5
      md5: 6bc0b901c16a44d4aa0e4253a0efd09b
      size: 400917
  embeddings:
    cmd: python -m src.embed.cache --build
    deps:
    - path: data/features/handcrafted.parquet
      hash: md5
      md5: 6bc0b901c16a44d4aa0e4253a0efd09b
      size: 400917
    - path: src/embed/backbone.py
      hash: md5
      md5: 59f6d81a23a5a48c4ecdf435065b7532
      size: 24859
    - path: src/embed/cache.py
      hash: md5
      md5: 0e39d0b8f53febf776b52a079cef5e6c
      size: 11081
    outs:
    - path: data/features/embeddings.npy
      hash: md5
      md5: 9236e4cb130e34941b376628c201fd4d
      size: 6254720
    - path: data/features/embeddings_index.parquet
      hash: md5
      md5: 53ba4e850372795e9ae8f03e3c4c7921
      size: 43579
    - path: data/features/embeddings_meta.json
      hash: md5
      md5: 395f7efdd309ab9262971cd49b82938e
      size: 206
  reduce:
    cmd: python -m src.embed.reduce
    deps:
    - path: data/features/embeddings.npy
      hash: md5
      md5: 9236e4cb130e34941b376628c201fd4d
      size: 6254720
    - path: src/embed/reduce.py
      hash: md5
      md5: b76d0ad3a6b3a4b965ddce1c792823e0
      size: 11982
    outs:
    - path: data/features/embeddings_pca128.npy
      hash: md5
      md5: befa4b873c5ca2d5de0d6d941a450306
      size: 1563776
  stagewise:
    cmd: python -m src.eval.stagewise
    deps:
    - path: data/features/embeddings_pca128.npy
      hash: md5
      md5: befa4b873c5ca2d5de0d6d941a450306
      size: 1563776
    - path: data/features/handcrafted.parquet
      hash: md5
      md5: 6bc0b901c16a44d4aa0e4253a0efd09b
      size: 400917
    - path: src/eval/stagewise.py
      hash: md5
      md5: 4c780cb9ae04d04cf400fb856b49f7c8
      size: 15383
    outs:
    - path: reports/stagewise.json
      hash: md5
      md5: e77f44758703548c2ac0777b656cd5ec
      size: 5226
    - path: reports/stagewise.md
      hash: md5
      md5: 280b4d8475a2ab9d790f1743e6db6cab
      size: 3776
  humanbaseline:
    cmd: python -m src.eval.humanbaseline
    deps:
    - path: reports/error_propagation.json
      hash: md5
      md5: 355967958dd543481c294e73bcbcb2ef
      size: 135402
    - path: src/eval/humanbaseline.py
      hash: md5
      md5: cc82b28a0db278af20a48562c0d58f12
      size: 12574
    outs:
    - path: reports/human_baseline.json
      hash: md5
      md5: 5ffb2988420041d2b729ccdb1a01ba6a
      size: 6098
    - path: reports/human_baseline.md
      hash: md5
      md5: aa428b3067411b9c28381d432c98d888
      size: 2744
  descriptors:
    cmd: python -m src.features.descriptors --build --jobs 1
    deps:
    - path: data/processed/ir
      hash: md5
      md5: 81774478042a106dec52fc328691e181.dir
      size: 86029370
      nfiles: 2796
    - path: src/features/descriptors.py
      hash: md5
      md5: 5b06f0563aec6630737cd1c2f4f013a1
      size: 22117
    outs:
    - path: data/features/descriptors.parquet
      hash: md5
      md5: f6c6ac18fdd9446917717d96937814a0
      size: 2553427
  ablation:
    cmd: python -m src.eval.ablate
    deps:
    - path: data/features/descriptors.parquet
      hash: md5
      md5: f6c6ac18fdd9446917717d96937814a0
      size: 2553427
    - path: src/eval/ablate.py
      hash: md5
      md5: f3a4e737c150eb8b4f19777f3b8656a6
      size: 14585
    outs:
    - path: reports/ablation_matrix.json
      hash: md5
      md5: cfa5ce7921b4d4beeda56dc20ea34d3c
      size: 3707
    - path: reports/ablation_matrix.md
      hash: md5
      md5: e1a0b952a66fec179ba5aec266b6e84a
      size: 3810
  compute:
    cmd: python -m src.eval.compute
    deps:
    - path: src/eval/compute.py
      hash: md5
      md5: 8837c7b28774190237554f456b3d6822
      size: 12410
    outs:
    - path: reports/compute.json
      hash: md5
      md5: 66f6be4fb2e4b12c5464e91ee37a3951
      size: 6362
    - path: reports/compute.md
      hash: md5
      md5: ad7ca5327bcdc8f40dd1ec0d215a1a09
      size: 3772
  evaluate:
    cmd: python -m src.eval.master
    deps:
    - path: reports/ablation_matrix.json
      hash: md5
      md5: cfa5ce7921b4d4beeda56dc20ea34d3c
      size: 3707
    - path: reports/compute.json
      hash: md5
      md5: 66f6be4fb2e4b12c5464e91ee37a3951
      size: 6362
    - path: reports/human_baseline.json
      hash: md5
      md5: 5ffb2988420041d2b729ccdb1a01ba6a
      size: 6098
    - path: reports/stagewise.json
      hash: md5
      md5: e77f44758703548c2ac0777b656cd5ec
      size: 5226
    - path: src/eval/master.py
      hash: md5
      md5: 99b211c4669104e9abf8c5d1b07d21c0
      size: 21073
    outs:
    - path: reports/master_results.json
      hash: md5
      md5: 252b1eca127da06c5324f816399659b7
      size: 19579
    - path: reports/master_results.md
      hash: md5
      md5: 2dd26ad14ff76126235c552901f64b5a
      size: 8759
  detector:
    cmd: python -m src.detect.train
    deps:
    - path: data/processed/detect
      hash: md5
      md5: a9a6ab079e534e703fbaa6253c3893fe.dir
      size: 1054849975
      nfiles: 4628
    - path: src/detect/train.py
      hash: md5
      md5: a6a520b6fe5559a1f169e2130c0770cf
      size: 17232
    outs:
    - path: experiments/detect/final
      hash: md5
      md5: e10002e74999c6e44f54bab2c9509bca.dir
      size: 12448104
      nfiles: 4
  arrows:
    cmd: python -m src.detect.arrows --train
    deps:
    - path: data/processed/arrows
      hash: md5
      md5: 1301a4c5f409d382e2789d1258da84aa.dir
      size: 963960909
      nfiles: 1990
    - path: src/detect/arrows.py
      hash: md5
      md5: d11563696c176714e64edd0dee8aac24
      size: 20585
    outs:
    - path: experiments/detect/arrows/pose_m
      hash: md5
      md5: 375dbdc47047a2687c5cacf3fcc541ed.dir
      size: 106694685
      nfiles: 4
  ocr:
    cmd: python -m src.ocr.s3 --train --model microsoft/trocr-large-handwritten
      --epochs 16
    deps:
    - path: data/processed/label_crops
      hash: md5
      md5: 59e57418d514564b12c20003a8d140fe.dir
      size: 66916517
      nfiles: 16199
    - path: src/ocr/s3.py
      hash: md5
      md5: b7abf7ddbd5dec934e03948a9e036e4e
      size: 22472
    outs:
    - path: experiments/ocr/trocr_large
      hash: md5
      md5: 99e0812eec21832953371f5f60608247.dir
      size: 2237806684
      nfiles: 9
  lora:
    cmd: python -m src.llm.run train
    deps:
    - path: configs/llm.yaml
      hash: md5
      md5: 8763948e9fe3af8edeaafb0ad5c843d6
      size: 1839
    - path: data/processed/codegen/pairs
      hash: md5
      md5: d0b663518c2ce6f5942d0c6c462a21ee.dir
      size: 71434503
      nfiles: 9
    - path: src/llm/run.py
      hash: md5
      md5: bfbd8af1f5299e7042ab4e904840c602
      size: 6046
    - path: src/llm/train.py
      hash: md5
      md5: ca00b4df70e8a22bca8574aa6d6fdf3e
      size: 14161
    outs:
    - path: experiments/llm/train
      hash: md5
      md5: 3e9f7547c0efc3de4922456f6923466d.dir
      size: 2653
      nfiles: 1
